
Microsoft Visual Studio Solution File, Format Version 12.00
# Visual Studio Version 17
VisualStudioVersion = 17.9.34616.47
MinimumVisualStudioVersion = 10.0.40219.1
Project("{FAE04EC0-301F-11D3-BF4B-00C04F79EFBC}") = "WPFPracticeWithMVVMAndNavigation", "WPFPracticeWithMVVMAndNavigation\WPFPracticeWithMVVMAndNavigation.csproj", "{ADEA1160-E7B8-4F54-A743-05D32EC0F38D}"
EndProject
Global
	GlobalSection(SolutionConfigurationPlatforms) = preSolution
		Debug|Any CPU = Debug|Any CPU
		Release|Any CPU = Release|Any CPU
	EndGlobalSection
	GlobalSection(ProjectConfigurationPlatforms) = postSolution
		{ADEA1160-E7B8-4F54-A743-05D32EC0F38D}.Debug|Any CPU.ActiveCfg = Debug|Any CPU
		{ADEA1160-E7B8-4F54-A743-05D32EC0F38D}.Debug|Any CPU.Build.0 = Debug|Any CPU
		{ADEA1160-E7B8-4F54-A743-05D32EC0F38D}.Release|Any CPU.ActiveCfg = Release|Any CPU
		{ADEA1160-E7B8-4F54-A743-05D32EC0F38D}.Release|Any CPU.Build.0 = Release|Any CPU
	EndGlobalSection
	GlobalSection(SolutionProperties) = preSolution
		HideSolutionNode = FALSE
	EndGlobalSection
	GlobalSection(ExtensibilityGlobals) = postSolution
		SolutionGuid = {88009DE7-B5E3-47D4-BD0E-5CC45360BA55}
	EndGlobalSection
EndGlobal
